
Microsoft Visual Studio Solution File, Format Version 12.00
# Visual Studio Version 17
VisualStudioVersion = 17.2.32630.192
MinimumVisualStudioVersion = 10.0.40219.1
Project("{FAE04EC0-301F-11D3-BF4B-00C04F79EFBC}") = "MoreLessC", "MoreLessC\MoreLessC.csproj", "{736DFF96-9E26-4F72-96CD-47B7BB94D8E0}"
EndProject
Global
	GlobalSection(SolutionConfigurationPlatforms) = preSolution
		Debug|Any CPU = Debug|Any CPU
		Release|Any CPU = Release|Any CPU
	EndGlobalSection
	GlobalSection(ProjectConfigurationPlatforms) = postSolution
		{736DFF96-9E26-4F72-96CD-47B7BB94D8E0}.Debug|Any CPU.ActiveCfg = Debug|Any CPU
		{736DFF96-9E26-4F72-96CD-47B7BB94D8E0}.Debug|Any CPU.Build.0 = Debug|Any CPU
		{736DFF96-9E26-4F72-96CD-47B7BB94D8E0}.Release|Any CPU.ActiveCfg = Release|Any CPU
		{736DFF96-9E26-4F72-96CD-47B7BB94D8E0}.Release|Any CPU.Build.0 = Release|Any CPU
	EndGlobalSection
	GlobalSection(SolutionProperties) = preSolution
		HideSolutionNode = FALSE
	EndGlobalSection
	GlobalSection(ExtensibilityGlobals) = postSolution
		SolutionGuid = {CBC2E231-F713-4170-B91D-D4BC75E12D78}
	EndGlobalSection
EndGlobal
